
Microsoft Visual Studio Solution File, Format Version 12.00
# Visual Studio Version 17
VisualStudioVersion = 17.8.34408.163
MinimumVisualStudioVersion = 10.0.40219.1
Project("{FAE04EC0-301F-11D3-BF4B-00C04F79EFBC}") = "HomeAssistantPoc", "HomeAssistantPoc\HomeAssistantPoc\HomeAssistantPoc.csproj", "{E50EABC9-2466-4B11-8DE2-F17DA4C06617}"
EndProject
Project("{FAE04EC0-301F-11D3-BF4B-00C04F79EFBC}") = "HomeAssistantPoc.Client", "HomeAssistantPoc\HomeAssistantPoc.Client\HomeAssistantPoc.Client.csproj", "{477A4900-0C19-4182-9F9B-102655E117D4}"
EndProject
Project("{2150E333-8FDC-42A3-9474-1A3956D46DE8}") = "Solution Files", "Solution Files", "{9CA78972-C128-44F8-94C1-6EB58BEBDF28}"
	ProjectSection(SolutionItems) = preProject
		.gitattributes = .gitattributes
		.gitignore = .gitignore
		README.md = README.md
	EndProjectSection
EndProject
Global
	GlobalSection(SolutionConfigurationPlatforms) = preSolution
		Debug|Any CPU = Debug|Any CPU
		Release|Any CPU = Release|Any CPU
	EndGlobalSection
	GlobalSection(ProjectConfigurationPlatforms) = postSolution
		{E50EABC9-2466-4B11-8DE2-F17DA4C06617}.Debug|Any CPU.ActiveCfg = Debug|Any CPU
		{E50EABC9-2466-4B11-8DE2-F17DA4C06617}.Debug|Any CPU.Build.0 = Debug|Any CPU
		{E50EABC9-2466-4B11-8DE2-F17DA4C06617}.Release|Any CPU.ActiveCfg = Release|Any CPU
		{E50EABC9-2466-4B11-8DE2-F17DA4C06617}.Release|Any CPU.Build.0 = Release|Any CPU
		{477A4900-0C19-4182-9F9B-102655E117D4}.Debug|Any CPU.ActiveCfg = Debug|Any CPU
		{477A4900-0C19-4182-9F9B-102655E117D4}.Debug|Any CPU.Build.0 = Debug|Any CPU
		{477A4900-0C19-4182-9F9B-102655E117D4}.Release|Any CPU.ActiveCfg = Release|Any CPU
		{477A4900-0C19-4182-9F9B-102655E117D4}.Release|Any CPU.Build.0 = Release|Any CPU
	EndGlobalSection
	GlobalSection(SolutionProperties) = preSolution
		HideSolutionNode = FALSE
	EndGlobalSection
	GlobalSection(ExtensibilityGlobals) = postSolution
		SolutionGuid = {1C5E512E-3591-46E2-93D5-346A6670410D}
	EndGlobalSection
EndGlobal
